
Microsoft Visual Studio Solution File, Format Version 12.00
# Visual Studio Version 17
VisualStudioVersion = 17.3.32901.215
MinimumVisualStudioVersion = 10.0.40219.1
Project("{9A19103F-16F7-4668-BE54-9A1E7A4F7556}") = "SchoolingUsers", "SchoolingUsers.csproj", "{48DA815F-0C4F-4BF3-A1D6-3F687F4A0867}"
EndProject
Project("{2150E333-8FDC-42A3-9474-1A3956D46DE8}") = "Itens de Solução", "Itens de Solução", "{A7ECA1E9-0EAB-496C-A0F0-0409B839EDAE}"
	ProjectSection(SolutionItems) = preProject
		queries.txt = queries.txt
	EndProjectSection
EndProject
Project("{9A19103F-16F7-4668-BE54-9A1E7A4F7556}") = "Domain", "..\Domain\Domain.csproj", "{48802D4E-67CB-43D6-BDE3-5348229041C9}"
EndProject
Project("{9A19103F-16F7-4668-BE54-9A1E7A4F7556}") = "Repositories", "..\Repositorys\Repositories.csproj", "{C71E4348-92BB-4C07-981F-942F54099E1D}"
EndProject
Project("{9A19103F-16F7-4668-BE54-9A1E7A4F7556}") = "Models", "..\Models\Models.csproj", "{CEAF5285-FD44-4BE6-860A-59EB5EFD8945}"
EndProject
Project("{9A19103F-16F7-4668-BE54-9A1E7A4F7556}") = "SchoolingUsersTests", "..\SchoolingUsersTests\SchoolingUsersTests.csproj", "{4332E708-3C6B-46BD-9175-444977016C66}"
EndProject
Project("{2150E333-8FDC-42A3-9474-1A3956D46DE8}") = "Api", "Api", "{AECAEAA0-786F-47C0-B595-4AD01DCC2FB3}"
EndProject
Global
	GlobalSection(SolutionConfigurationPlatforms) = preSolution
		Debug|Any CPU = Debug|Any CPU
		Release|Any CPU = Release|Any CPU
	EndGlobalSection
	GlobalSection(ProjectConfigurationPlatforms) = postSolution
		{48DA815F-0C4F-4BF3-A1D6-3F687F4A0867}.Debug|Any CPU.ActiveCfg = Debug|Any CPU
		{48DA815F-0C4F-4BF3-A1D6-3F687F4A0867}.Debug|Any CPU.Build.0 = Debug|Any CPU
		{48DA815F-0C4F-4BF3-A1D6-3F687F4A0867}.Release|Any CPU.ActiveCfg = Release|Any CPU
		{48DA815F-0C4F-4BF3-A1D6-3F687F4A0867}.Release|Any CPU.Build.0 = Release|Any CPU
		{48802D4E-67CB-43D6-BDE3-5348229041C9}.Debug|Any CPU.ActiveCfg = Debug|Any CPU
		{48802D4E-67CB-43D6-BDE3-5348229041C9}.Debug|Any CPU.Build.0 = Debug|Any CPU
		{48802D4E-67CB-43D6-BDE3-5348229041C9}.Release|Any CPU.ActiveCfg = Release|Any CPU
		{48802D4E-67CB-43D6-BDE3-5348229041C9}.Release|Any CPU.Build.0 = Release|Any CPU
		{C71E4348-92BB-4C07-981F-942F54099E1D}.Debug|Any CPU.ActiveCfg = Debug|Any CPU
		{C71E4348-92BB-4C07-981F-942F54099E1D}.Debug|Any CPU.Build.0 = Debug|Any CPU
		{C71E4348-92BB-4C07-981F-942F54099E1D}.Release|Any CPU.ActiveCfg = Release|Any CPU
		{C71E4348-92BB-4C07-981F-942F54099E1D}.Release|Any CPU.Build.0 = Release|Any CPU
		{CEAF5285-FD44-4BE6-860A-59EB5EFD8945}.Debug|Any CPU.ActiveCfg = Debug|Any CPU
		{CEAF5285-FD44-4BE6-860A-59EB5EFD8945}.Debug|Any CPU.Build.0 = Debug|Any CPU
		{CEAF5285-FD44-4BE6-860A-59EB5EFD8945}.Release|Any CPU.ActiveCfg = Release|Any CPU
		{CEAF5285-FD44-4BE6-860A-59EB5EFD8945}.Release|Any CPU.Build.0 = Release|Any CPU
		{4332E708-3C6B-46BD-9175-444977016C66}.Debug|Any CPU.ActiveCfg = Debug|Any CPU
		{4332E708-3C6B-46BD-9175-444977016C66}.Debug|Any CPU.Build.0 = Debug|Any CPU
		{4332E708-3C6B-46BD-9175-444977016C66}.Release|Any CPU.ActiveCfg = Release|Any CPU
		{4332E708-3C6B-46BD-9175-444977016C66}.Release|Any CPU.Build.0 = Release|Any CPU
	EndGlobalSection
	GlobalSection(SolutionProperties) = preSolution
		HideSolutionNode = FALSE
	EndGlobalSection
	GlobalSection(NestedProjects) = preSolution
		{48DA815F-0C4F-4BF3-A1D6-3F687F4A0867} = {AECAEAA0-786F-47C0-B595-4AD01DCC2FB3}
		{48802D4E-67CB-43D6-BDE3-5348229041C9} = {AECAEAA0-786F-47C0-B595-4AD01DCC2FB3}
		{C71E4348-92BB-4C07-981F-942F54099E1D} = {AECAEAA0-786F-47C0-B595-4AD01DCC2FB3}
		{CEAF5285-FD44-4BE6-860A-59EB5EFD8945} = {AECAEAA0-786F-47C0-B595-4AD01DCC2FB3}
		{4332E708-3C6B-46BD-9175-444977016C66} = {AECAEAA0-786F-47C0-B595-4AD01DCC2FB3}
	EndGlobalSection
	GlobalSection(ExtensibilityGlobals) = postSolution
		SolutionGuid = {5C1493B0-41C3-4901-BE4A-60441FD96CBB}
	EndGlobalSection
EndGlobal
